
Microsoft Visual Studio Solution File, Format Version 11.00
# Visual Studio 2010
Project("{8BC9CEB8-8B4A-11D0-8D11-00A0C91BC942}") = "Charity", "Charity\Charity.vcxproj", "{18AAA41F-8A05-4DF8-A3D9-240F53ACC7B7}"
EndProject
Project("{8BC9CEB8-8B4A-11D0-8D11-00A0C91BC942}") = "Editor", "Editor\Editor.vcxproj", "{C8B3FB6F-AFA2-4EB6-87DA-CB63AC1DB6BD}"
EndProject
Global
	GlobalSection(SolutionConfigurationPlatforms) = preSolution
		Debug|Win32 = Debug|Win32
		Release|Win32 = Release|Win32
	EndGlobalSection
	GlobalSection(ProjectConfigurationPlatforms) = postSolution
		{18AAA41F-8A05-4DF8-A3D9-240F53ACC7B7}.Debug|Win32.ActiveCfg = Debug|Win32
		{18AAA41F-8A05-4DF8-A3D9-240F53ACC7B7}.Debug|Win32.Build.0 = Debug|Win32
		{18AAA41F-8A05-4DF8-A3D9-240F53ACC7B7}.Release|Win32.ActiveCfg = Release|Win32
		{18AAA41F-8A05-4DF8-A3D9-240F53ACC7B7}.Release|Win32.Build.0 = Release|Win32
		{C8B3FB6F-AFA2-4EB6-87DA-CB63AC1DB6BD}.Debug|Win32.ActiveCfg = Debug|Win32
		{C8B3FB6F-AFA2-4EB6-87DA-CB63AC1DB6BD}.Debug|Win32.Build.0 = Debug|Win32
		{C8B3FB6F-AFA2-4EB6-87DA-CB63AC1DB6BD}.Release|Win32.ActiveCfg = Release|Win32
		{C8B3FB6F-AFA2-4EB6-87DA-CB63AC1DB6BD}.Release|Win32.Build.0 = Release|Win32
	EndGlobalSection
	GlobalSection(SolutionProperties) = preSolution
		HideSolutionNode = FALSE
	EndGlobalSection
EndGlobal
